
Microsoft Visual Studio Solution File, Format Version 12.00
# Visual Studio Version 17
VisualStudioVersion = 17.14.37314.3
MinimumVisualStudioVersion = 10.0.40219.1
Project("{FAE04EC0-301F-11D3-BF4B-00C04F79EFBC}") = "Camel.Runtime", "Camel.Runtime\Camel.Runtime.csproj", "{AB539ADB-C99A-4B5C-861E-B949031510BB}"
EndProject
Project("{FAE04EC0-301F-11D3-BF4B-00C04F79EFBC}") = "Camel.Environments", "Camel.Environments\Camel.Environments.csproj", "{3B939B4E-179C-4A03-A0DC-E0098597B6AE}"
EndProject
Project("{2150E333-8FDC-42A3-9474-1A3956D46DE8}") = "External", "External", "{02EA681E-C7D8-13C7-8484-4AC65E1B71E8}"
EndProject
Project("{FAE04EC0-301F-11D3-BF4B-00C04F79EFBC}") = "Expect.NETStandard", "..\ext\Expect.NET\Expect.NET\Expect.NETStandard.csproj", "{E20DD857-F9B4-E249-D8BE-C37EF52FE4C3}"
EndProject
Project("{2150E333-8FDC-42A3-9474-1A3956D46DE8}") = "Tests", "Tests", "{C17BDA0E-EB4C-44D5-B32E-19A2CE189AAA}"
EndProject
Project("{FAE04EC0-301F-11D3-BF4B-00C04F79EFBC}") = "Camel.Tests.Environments", "..\tests\Camel.Tests.Environments\Camel.Tests.Environments.csproj", "{8314B069-537E-48B8-A075-2E92A2D4D8C0}"
EndProject
Project("{FAE04EC0-301F-11D3-BF4B-00C04F79EFBC}") = "Camel.Toolkits", "Camel.Toolkits\Camel.Toolkits.csproj", "{A24F5399-8005-4426-A092-EE312E1E31E6}"
EndProject
Project("{FAE04EC0-301F-11D3-BF4B-00C04F79EFBC}") = "Camel.Tests.Toolkits", "..\tests\Camel.Tests.Toolkits\Camel.Tests.Toolkits.csproj", "{22CDF677-3106-49F3-ACFE-056935195743}"
EndProject
Project("{FAE04EC0-301F-11D3-BF4B-00C04F79EFBC}") = "Camel.Server", "Camel.Server\Camel.Server.csproj", "{D9308940-41FC-41F5-91F1-1427CC235DF4}"
EndProject
Project("{2150E333-8FDC-42A3-9474-1A3956D46DE8}") = "Core", "Core", "{E8840196-B3E7-4537-AB77-8C1B8F75486A}"
EndProject
Project("{2150E333-8FDC-42A3-9474-1A3956D46DE8}") = "UI", "UI", "{F882AC14-85FC-413B-BE2B-8BE11E45BD75}"
EndProject
Project("{FAE04EC0-301F-11D3-BF4B-00C04F79EFBC}") = "Camel.CLI", "Camel.CLI\Camel.CLI.csproj", "{4C091659-AD6D-4434-BB26-1848C81F7BAF}"
EndProject
Project("{2150E333-8FDC-42A3-9474-1A3956D46DE8}") = "Docs", "Docs", "{33539284-7586-41FB-93C2-4894BE3E05D5}"
	ProjectSection(SolutionItems) = preProject
		..\.gitignore = ..\.gitignore
		..\CLAUDE.md = ..\CLAUDE.md
		..\docs\Project.md = ..\docs\Project.md
	EndProjectSection
EndProject
Project("{FAE04EC0-301F-11D3-BF4B-00C04F79EFBC}") = "Camel.Workflows", "Camel.Workflows\Camel.Workflows.csproj", "{3B15F211-02C2-46D3-8AE9-E9CB802C4634}"
EndProject
Project("{FAE04EC0-301F-11D3-BF4B-00C04F79EFBC}") = "Camel.Tests.Server", "..\tests\Camel.Tests.Server\Camel.Tests.Server.csproj", "{E009E02C-84E4-43CF-969E-732218CFD450}"
EndProject
Project("{FAE04EC0-301F-11D3-BF4B-00C04F79EFBC}") = "Camel.Tests.Workflows", "..\tests\Camel.Tests.Workflows\Camel.Tests.Workflows.csproj", "{C72ADD51-4EC6-4E0C-982A-59877DBBAE27}"
EndProject
Project("{FAE04EC0-301F-11D3-BF4B-00C04F79EFBC}") = "Camel.Search", "Camel.Search\Camel.Search.csproj", "{9E4A6899-1AE8-95E0-6FC0-44AE1281788C}"
EndProject
Project("{FAE04EC0-301F-11D3-BF4B-00C04F79EFBC}") = "Camel.Training", "Camel.Training\Camel.Training.csproj", "{84A68050-9696-435B-AB8B-71D878D93195}"
EndProject
Project("{FAE04EC0-301F-11D3-BF4B-00C04F79EFBC}") = "Camel.Tests.Training", "..\tests\Camel.Tests.Training\Camel.Tests.Training.csproj", "{7524FE8B-33C8-41CF-9DD7-4028D2F3EA6A}"
EndProject
Global
	GlobalSection(SolutionConfigurationPlatforms) = preSolution
		Debug|Any CPU = Debug|Any CPU
		Debug|x64 = Debug|x64
		Debug|x86 = Debug|x86
		Release|Any CPU = Release|Any CPU
		Release|x64 = Release|x64
		Release|x86 = Release|x86
	EndGlobalSection
	GlobalSection(ProjectConfigurationPlatforms) = postSolution
		{AB539ADB-C99A-4B5C-861E-B949031510BB}.Debug|Any CPU.ActiveCfg = Debug|Any CPU
		{AB539ADB-C99A-4B5C-861E-B949031510BB}.Debug|Any CPU.Build.0 = Debug|Any CPU
		{AB539ADB-C99A-4B5C-861E-B949031510BB}.Debug|x64.ActiveCfg = Debug|Any CPU
		{AB539ADB-C99A-4B5C-861E-B949031510BB}.Debug|x64.Build.0 = Debug|Any CPU
		{AB539ADB-C99A-4B5C-861E-B949031510BB}.Debug|x86.ActiveCfg = Debug|Any CPU
		{AB539ADB-C99A-4B5C-861E-B949031510BB}.Debug|x86.Build.0 = Debug|Any CPU
		{AB539ADB-C99A-4B5C-861E-B949031510BB}.Release|Any CPU.ActiveCfg = Release|Any CPU
		{AB539ADB-C99A-4B5C-861E-B949031510BB}.Release|Any CPU.Build.0 = Release|Any CPU
		{AB539ADB-C99A-4B5C-861E-B949031510BB}.Release|x64.ActiveCfg = Release|Any CPU
		{AB539ADB-C99A-4B5C-861E-B949031510BB}.Release|x64.Build.0 = Release|Any CPU
		{AB539ADB-C99A-4B5C-861E-B949031510BB}.Release|x86.ActiveCfg = Release|Any CPU
		{AB539ADB-C99A-4B5C-861E-B949031510BB}.Release|x86.Build.0 = Release|Any CPU
		{3B939B4E-179C-4A03-A0DC-E0098597B6AE}.Debug|Any CPU.ActiveCfg = Debug|Any CPU
		{3B939B4E-179C-4A03-A0DC-E0098597B6AE}.Debug|Any CPU.Build.0 = Debug|Any CPU
		{3B939B4E-179C-4A03-A0DC-E0098597B6AE}.Debug|x64.ActiveCfg = Debug|Any CPU
		{3B939B4E-179C-4A03-A0DC-E0098597B6AE}.Debug|x64.Build.0 = Debug|Any CPU
		{3B939B4E-179C-4A03-A0DC-E0098597B6AE}.Debug|x86.ActiveCfg = Debug|Any CPU
		{3B939B4E-179C-4A03-A0DC-E0098597B6AE}.Debug|x86.Build.0 = Debug|Any CPU
		{3B939B4E-179C-4A03-A0DC-E0098597B6AE}.Release|Any CPU.ActiveCfg = Release|Any CPU
		{3B939B4E-179C-4A03-A0DC-E0098597B6AE}.Release|Any CPU.Build.0 = Release|Any CPU
		{3B939B4E-179C-4A03-A0DC-E0098597B6AE}.Release|x64.ActiveCfg = Release|Any CPU
		{3B939B4E-179C-4A03-A0DC-E0098597B6AE}.Release|x64.Build.0 = Release|Any CPU
		{3B939B4E-179C-4A03-A0DC-E0098597B6AE}.Release|x86.ActiveCfg = Release|Any CPU
		{3B939B4E-179C-4A03-A0DC-E0098597B6AE}.Release|x86.Build.0 = Release|Any CPU
		{E20DD857-F9B4-E249-D8BE-C37EF52FE4C3}.Debug|Any CPU.ActiveCfg = Debug|Any CPU
		{E20DD857-F9B4-E249-D8BE-C37EF52FE4C3}.Debug|Any CPU.Build.0 = Debug|Any CPU
		{E20DD857-F9B4-E249-D8BE-C37EF52FE4C3}.Debug|x64.ActiveCfg = Debug|Any CPU
		{E20DD857-F9B4-E249-D8BE-C37EF52FE4C3}.Debug|x64.Build.0 = Debug|Any CPU
		{E20DD857-F9B4-E249-D8BE-C37EF52FE4C3}.Debug|x86.ActiveCfg = Debug|Any CPU
		{E20DD857-F9B4-E249-D8BE-C37EF52FE4C3}.Debug|x86.Build.0 = Debug|Any CPU
		{E20DD857-F9B4-E249-D8BE-C37EF52FE4C3}.Release|Any CPU.ActiveCfg = Release|Any CPU
		{E20DD857-F9B4-E249-D8BE-C37EF52FE4C3}.Release|Any CPU.Build.0 = Release|Any CPU
		{E20DD857-F9B4-E249-D8BE-C37EF52FE4C3}.Release|x64.ActiveCfg = Release|Any CPU
		{E20DD857-F9B4-E249-D8BE-C37EF52FE4C3}.Release|x64.Build.0 = Release|Any CPU
		{E20DD857-F9B4-E249-D8BE-C37EF52FE4C3}.Release|x86.ActiveCfg = Release|Any CPU
		{E20DD857-F9B4-E249-D8BE-C37EF52FE4C3}.Release|x86.Build.0 = Release|Any CPU
		{8314B069-537E-48B8-A075-2E92A2D4D8C0}.Debug|Any CPU.ActiveCfg = Debug|Any CPU
		{8314B069-537E-48B8-A075-2E92A2D4D8C0}.Debug|Any CPU.Build.0 = Debug|Any CPU
		{8314B069-537E-48B8-A075-2E92A2D4D8C0}.Debug|x64.ActiveCfg = Debug|Any CPU
		{8314B069-537E-48B8-A075-2E92A2D4D8C0}.Debug|x64.Build.0 = Debug|Any CPU
		{8314B069-537E-48B8-A075-2E92A2D4D8C0}.Debug|x86.ActiveCfg = Debug|Any CPU
		{8314B069-537E-48B8-A075-2E92A2D4D8C0}.Debug|x86.Build.0 = Debug|Any CPU
		{8314B069-537E-48B8-A075-2E92A2D4D8C0}.Release|Any CPU.ActiveCfg = Release|Any CPU
		{8314B069-537E-48B8-A075-2E92A2D4D8C0}.Release|Any CPU.Build.0 = Release|Any CPU
		{8314B069-537E-48B8-A075-2E92A2D4D8C0}.Release|x64.ActiveCfg = Release|Any CPU
		{8314B069-537E-48B8-A075-2E92A2D4D8C0}.Release|x64.Build.0 = Release|Any CPU
		{8314B069-537E-48B8-A075-2E92A2D4D8C0}.Release|x86.ActiveCfg = Release|Any CPU
		{8314B069-537E-48B8-A075-2E92A2D4D8C0}.Release|x86.Build.0 = Release|Any CPU
		{A24F5399-8005-4426-A092-EE312E1E31E6}.Debug|Any CPU.ActiveCfg = Debug|Any CPU
		{A24F5399-8005-4426-A092-EE312E1E31E6}.Debug|Any CPU.Build.0 = Debug|Any CPU
		{A24F5399-8005-4426-A092-EE312E1E31E6}.Debug|x64.ActiveCfg = Debug|Any CPU
		{A24F5399-8005-4426-A092-EE312E1E31E6}.Debug|x64.Build.0 = Debug|Any CPU
		{A24F5399-8005-4426-A092-EE312E1E31E6}.Debug|x86.ActiveCfg = Debug|Any CPU
		{A24F5399-8005-4426-A092-EE312E1E31E6}.Debug|x86.Build.0 = Debug|Any CPU
		{A24F5399-8005-4426-A092-EE312E1E31E6}.Release|Any CPU.ActiveCfg = Release|Any CPU
		{A24F5399-8005-4426-A092-EE312E1E31E6}.Release|Any CPU.Build.0 = Release|Any CPU
		{A24F5399-8005-4426-A092-EE312E1E31E6}.Release|x64.ActiveCfg = Release|Any CPU
		{A24F5399-8005-4426-A092-EE312E1E31E6}.Release|x64.Build.0 = Release|Any CPU
		{A24F5399-8005-4426-A092-EE312E1E31E6}.Release|x86.ActiveCfg = Release|Any CPU
		{A24F5399-8005-4426-A092-EE312E1E31E6}.Release|x86.Build.0 = Release|Any CPU
		{22CDF677-3106-49F3-ACFE-056935195743}.Debug|Any CPU.ActiveCfg = Debug|Any CPU
		{22CDF677-3106-49F3-ACFE-056935195743}.Debug|Any CPU.Build.0 = Debug|Any CPU
		{22CDF677-3106-49F3-ACFE-056935195743}.Debug|x64.ActiveCfg = Debug|Any CPU
		{22CDF677-3106-49F3-ACFE-056935195743}.Debug|x64.Build.0 = Debug|Any CPU
		{22CDF677-3106-49F3-ACFE-056935195743}.Debug|x86.ActiveCfg = Debug|Any CPU
		{22CDF677-3106-49F3-ACFE-056935195743}.Debug|x86.Build.0 = Debug|Any CPU
		{22CDF677-3106-49F3-ACFE-056935195743}.Release|Any CPU.ActiveCfg = Release|Any CPU
		{22CDF677-3106-49F3-ACFE-056935195743}.Release|Any CPU.Build.0 = Release|Any CPU
		{22CDF677-3106-49F3-ACFE-056935195743}.Release|x64.ActiveCfg = Release|Any CPU
		{22CDF677-3106-49F3-ACFE-056935195743}.Release|x64.Build.0 = Release|Any CPU
		{22CDF677-3106-49F3-ACFE-056935195743}.Release|x86.ActiveCfg = Release|Any CPU
		{22CDF677-3106-49F3-ACFE-056935195743}.Release|x86.Build.0 = Release|Any CPU
		{D9308940-41FC-41F5-91F1-1427CC235DF4}.Debug|Any CPU.ActiveCfg = Debug|Any CPU
		{D9308940-41FC-41F5-91F1-1427CC235DF4}.Debug|Any CPU.Build.0 = Debug|Any CPU
		{D9308940-41FC-41F5-91F1-1427CC235DF4}.Debug|x64.ActiveCfg = Debug|Any CPU
		{D9308940-41FC-41F5-91F1-1427CC235DF4}.Debug|x64.Build.0 = Debug|Any CPU
		{D9308940-41FC-41F5-91F1-1427CC235DF4}.Debug|x86.ActiveCfg = Debug|Any CPU
		{D9308940-41FC-41F5-91F1-1427CC235DF4}.Debug|x86.Build.0 = Debug|Any CPU
		{D9308940-41FC-41F5-91F1-1427CC235DF4}.Release|Any CPU.ActiveCfg = Release|Any CPU
		{D9308940-41FC-41F5-91F1-1427CC235DF4}.Release|Any CPU.Build.0 = Release|Any CPU
		{D9308940-41FC-41F5-91F1-1427CC235DF4}.Release|x64.ActiveCfg = Release|Any CPU
		{D9308940-41FC-41F5-91F1-1427CC235DF4}.Release|x64.Build.0 = Release|Any CPU
		{D9308940-41FC-41F5-91F1-1427CC235DF4}.Release|x86.ActiveCfg = Release|Any CPU
		{D9308940-41FC-41F5-91F1-1427CC235DF4}.Release|x86.Build.0 = Release|Any CPU
		{4C091659-AD6D-4434-BB26-1848C81F7BAF}.Debug|Any CPU.ActiveCfg = Debug|Any CPU
		{4C091659-AD6D-4434-BB26-1848C81F7BAF}.Debug|Any CPU.Build.0 = Debug|Any CPU
		{4C091659-AD6D-4434-BB26-1848C81F7BAF}.Debug|x64.ActiveCfg = Debug|Any CPU
		{4C091659-AD6D-4434-BB26-1848C81F7BAF}.Debug|x64.Build.0 = Debug|Any CPU
		{4C091659-AD6D-4434-BB26-1848C81F7BAF}.Debug|x86.ActiveCfg = Debug|Any CPU
		{4C091659-AD6D-4434-BB26-1848C81F7BAF}.Debug|x86.Build.0 = Debug|Any CPU
		{4C091659-AD6D-4434-BB26-1848C81F7BAF}.Release|Any CPU.ActiveCfg = Release|Any CPU
		{4C091659-AD6D-4434-BB26-1848C81F7BAF}.Release|Any CPU.Build.0 = Release|Any CPU
		{4C091659-AD6D-4434-BB26-1848C81F7BAF}.Release|x64.ActiveCfg = Release|Any CPU
		{4C091659-AD6D-4434-BB26-1848C81F7BAF}.Release|x64.Build.0 = Release|Any CPU
		{4C091659-AD6D-4434-BB26-1848C81F7BAF}.Release|x86.ActiveCfg = Release|Any CPU
		{4C091659-AD6D-4434-BB26-1848C81F7BAF}.Release|x86.Build.0 = Release|Any CPU
		{3B15F211-02C2-46D3-8AE9-E9CB802C4634}.Debug|Any CPU.ActiveCfg = Debug|Any CPU
		{3B15F211-02C2-46D3-8AE9-E9CB802C4634}.Debug|Any CPU.Build.0 = Debug|Any CPU
		{3B15F211-02C2-46D3-8AE9-E9CB802C4634}.Debug|x64.ActiveCfg = Debug|Any CPU
		{3B15F211-02C2-46D3-8AE9-E9CB802C4634}.Debug|x64.Build.0 = Debug|Any CPU
		{3B15F211-02C2-46D3-8AE9-E9CB802C4634}.Debug|x86.ActiveCfg = Debug|Any CPU
		{3B15F211-02C2-46D3-8AE9-E9CB802C4634}.Debug|x86.Build.0 = Debug|Any CPU
		{3B15F211-02C2-46D3-8AE9-E9CB802C4634}.Release|Any CPU.ActiveCfg = Release|Any CPU
		{3B15F211-02C2-46D3-8AE9-E9CB802C4634}.Release|Any CPU.Build.0 = Release|Any CPU
		{3B15F211-02C2-46D3-8AE9-E9CB802C4634}.Release|x64.ActiveCfg = Release|Any CPU
		{3B15F211-02C2-46D3-8AE9-E9CB802C4634}.Release|x64.Build.0 = Release|Any CPU
		{3B15F211-02C2-46D3-8AE9-E9CB802C4634}.Release|x86.ActiveCfg = Release|Any CPU
		{3B15F211-02C2-46D3-8AE9-E9CB802C4634}.Release|x86.Build.0 = Release|Any CPU
		{E009E02C-84E4-43CF-969E-732218CFD450}.Debug|Any CPU.ActiveCfg = Debug|Any CPU
		{E009E02C-84E4-43CF-969E-732218CFD450}.Debug|Any CPU.Build.0 = Debug|Any CPU
		{E009E02C-84E4-43CF-969E-732218CFD450}.Debug|x64.ActiveCfg = Debug|Any CPU
		{E009E02C-84E4-43CF-969E-732218CFD450}.Debug|x64.Build.0 = Debug|Any CPU
		{E009E02C-84E4-43CF-969E-732218CFD450}.Debug|x86.ActiveCfg = Debug|Any CPU
		{E009E02C-84E4-43CF-969E-732218CFD450}.Debug|x86.Build.0 = Debug|Any CPU
		{E009E02C-84E4-43CF-969E-732218CFD450}.Release|Any CPU.ActiveCfg = Release|Any CPU
		{E009E02C-84E4-43CF-969E-732218CFD450}.Release|Any CPU.Build.0 = Release|Any CPU
		{E009E02C-84E4-43CF-969E-732218CFD450}.Release|x64.ActiveCfg = Release|Any CPU
		{E009E02C-84E4-43CF-969E-732218CFD450}.Release|x64.Build.0 = Release|Any CPU
		{E009E02C-84E4-43CF-969E-732218CFD450}.Release|x86.ActiveCfg = Release|Any CPU
		{E009E02C-84E4-43CF-969E-732218CFD450}.Release|x86.Build.0 = Release|Any CPU
		{C72ADD51-4EC6-4E0C-982A-59877DBBAE27}.Debug|Any CPU.ActiveCfg = Debug|Any CPU
		{C72ADD51-4EC6-4E0C-982A-59877DBBAE27}.Debug|Any CPU.Build.0 = Debug|Any CPU
		{C72ADD51-4EC6-4E0C-982A-59877DBBAE27}.Debug|x64.ActiveCfg = Debug|Any CPU
		{C72ADD51-4EC6-4E0C-982A-59877DBBAE27}.Debug|x64.Build.0 = Debug|Any CPU
		{C72ADD51-4EC6-4E0C-982A-59877DBBAE27}.Debug|x86.ActiveCfg = Debug|Any CPU
		{C72ADD51-4EC6-4E0C-982A-59877DBBAE27}.Debug|x86.Build.0 = Debug|Any CPU
		{C72ADD51-4EC6-4E0C-982A-59877DBBAE27}.Release|Any CPU.ActiveCfg = Release|Any CPU
		{C72ADD51-4EC6-4E0C-982A-59877DBBAE27}.Release|Any CPU.Build.0 = Release|Any CPU
		{C72ADD51-4EC6-4E0C-982A-59877DBBAE27}.Release|x64.ActiveCfg = Release|Any CPU
		{C72ADD51-4EC6-4E0C-982A-59877DBBAE27}.Release|x64.Build.0 = Release|Any CPU
		{C72ADD51-4EC6-4E0C-982A-59877DBBAE27}.Release|x86.ActiveCfg = Release|Any CPU
		{C72ADD51-4EC6-4E0C-982A-59877DBBAE27}.Release|x86.Build.0 = Release|Any CPU
		{9E4A6899-1AE8-95E0-6FC0-44AE1281788C}.Debug|Any CPU.ActiveCfg = Debug|Any CPU
		{9E4A6899-1AE8-95E0-6FC0-44AE1281788C}.Debug|Any CPU.Build.0 = Debug|Any CPU
		{9E4A6899-1AE8-95E0-6FC0-44AE1281788C}.Debug|x64.ActiveCfg = Debug|Any CPU
		{9E4A6899-1AE8-95E0-6FC0-44AE1281788C}.Debug|x64.Build.0 = Debug|Any CPU
		{9E4A6899-1AE8-95E0-6FC0-44AE1281788C}.Debug|x86.ActiveCfg = Debug|Any CPU
		{9E4A6899-1AE8-95E0-6FC0-44AE1281788C}.Debug|x86.Build.0 = Debug|Any CPU
		{9E4A6899-1AE8-95E0-6FC0-44AE1281788C}.Release|Any CPU.ActiveCfg = Release|Any CPU
		{9E4A6899-1AE8-95E0-6FC0-44AE1281788C}.Release|Any CPU.Build.0 = Release|Any CPU
		{9E4A6899-1AE8-95E0-6FC0-44AE1281788C}.Release|x64.ActiveCfg = Release|Any CPU
		{9E4A6899-1AE8-95E0-6FC0-44AE1281788C}.Release|x64.Build.0 = Release|Any CPU
		{9E4A6899-1AE8-95E0-6FC0-44AE1281788C}.Release|x86.ActiveCfg = Release|Any CPU
		{9E4A6899-1AE8-95E0-6FC0-44AE1281788C}.Release|x86.Build.0 = Release|Any CPU
		{84A68050-9696-435B-AB8B-71D878D93195}.Debug|Any CPU.ActiveCfg = Debug|Any CPU
		{84A68050-9696-435B-AB8B-71D878D93195}.Debug|Any CPU.Build.0 = Debug|Any CPU
		{84A68050-9696-435B-AB8B-71D878D93195}.Debug|x64.ActiveCfg = Debug|Any CPU
		{84A68050-9696-435B-AB8B-71D878D93195}.Debug|x64.Build.0 = Debug|Any CPU
		{84A68050-9696-435B-AB8B-71D878D93195}.Debug|x86.ActiveCfg = Debug|Any CPU
		{84A68050-9696-435B-AB8B-71D878D93195}.Debug|x86.Build.0 = Debug|Any CPU
		{84A68050-9696-435B-AB8B-71D878D93195}.Release|Any CPU.ActiveCfg = Release|Any CPU
		{84A68050-9696-435B-AB8B-71D878D93195}.Release|Any CPU.Build.0 = Release|Any CPU
		{84A68050-9696-435B-AB8B-71D878D93195}.Release|x64.ActiveCfg = Release|Any CPU
		{84A68050-9696-435B-AB8B-71D878D93195}.Release|x64.Build.0 = Release|Any CPU
		{84A68050-9696-435B-AB8B-71D878D93195}.Release|x86.ActiveCfg = Release|Any CPU
		{84A68050-9696-435B-AB8B-71D878D93195}.Release|x86.Build.0 = Release|Any CPU
		{7524FE8B-33C8-41CF-9DD7-4028D2F3EA6A}.Debug|Any CPU.ActiveCfg = Debug|Any CPU
		{7524FE8B-33C8-41CF-9DD7-4028D2F3EA6A}.Debug|Any CPU.Build.0 = Debug|Any CPU
		{7524FE8B-33C8-41CF-9DD7-4028D2F3EA6A}.Debug|x64.ActiveCfg = Debug|Any CPU
		{7524FE8B-33C8-41CF-9DD7-4028D2F3EA6A}.Debug|x64.Build.0 = Debug|Any CPU
		{7524FE8B-33C8-41CF-9DD7-4028D2F3EA6A}.Debug|x86.ActiveCfg = Debug|Any CPU
		{7524FE8B-33C8-41CF-9DD7-4028D2F3EA6A}.Debug|x86.Build.0 = Debug|Any CPU
		{7524FE8B-33C8-41CF-9DD7-4028D2F3EA6A}.Release|Any CPU.ActiveCfg = Release|Any CPU
		{7524FE8B-33C8-41CF-9DD7-4028D2F3EA6A}.Release|Any CPU.Build.0 = Release|Any CPU
		{7524FE8B-33C8-41CF-9DD7-4028D2F3EA6A}.Release|x64.ActiveCfg = Release|Any CPU
		{7524FE8B-33C8-41CF-9DD7-4028D2F3EA6A}.Release|x64.Build.0 = Release|Any CPU
		{7524FE8B-33C8-41CF-9DD7-4028D2F3EA6A}.Release|x86.ActiveCfg = Release|Any CPU
		{7524FE8B-33C8-41CF-9DD7-4028D2F3EA6A}.Release|x86.Build.0 = Release|Any CPU
	EndGlobalSection
	GlobalSection(SolutionProperties) = preSolution
		HideSolutionNode = FALSE
	EndGlobalSection
	GlobalSection(NestedProjects) = preSolution
		{AB539ADB-C99A-4B5C-861E-B949031510BB} = {E8840196-B3E7-4537-AB77-8C1B8F75486A}
		{3B939B4E-179C-4A03-A0DC-E0098597B6AE} = {E8840196-B3E7-4537-AB77-8C1B8F75486A}
		{E20DD857-F9B4-E249-D8BE-C37EF52FE4C3} = {02EA681E-C7D8-13C7-8484-4AC65E1B71E8}
		{8314B069-537E-48B8-A075-2E92A2D4D8C0} = {C17BDA0E-EB4C-44D5-B32E-19A2CE189AAA}
		{A24F5399-8005-4426-A092-EE312E1E31E6} = {E8840196-B3E7-4537-AB77-8C1B8F75486A}
		{22CDF677-3106-49F3-ACFE-056935195743} = {C17BDA0E-EB4C-44D5-B32E-19A2CE189AAA}
		{D9308940-41FC-41F5-91F1-1427CC235DF4} = {E8840196-B3E7-4537-AB77-8C1B8F75486A}
		{4C091659-AD6D-4434-BB26-1848C81F7BAF} = {F882AC14-85FC-413B-BE2B-8BE11E45BD75}
		{3B15F211-02C2-46D3-8AE9-E9CB802C4634} = {E8840196-B3E7-4537-AB77-8C1B8F75486A}
		{E009E02C-84E4-43CF-969E-732218CFD450} = {C17BDA0E-EB4C-44D5-B32E-19A2CE189AAA}
		{C72ADD51-4EC6-4E0C-982A-59877DBBAE27} = {C17BDA0E-EB4C-44D5-B32E-19A2CE189AAA}
		{9E4A6899-1AE8-95E0-6FC0-44AE1281788C} = {E8840196-B3E7-4537-AB77-8C1B8F75486A}
	EndGlobalSection
	GlobalSection(ExtensibilityGlobals) = postSolution
		SolutionGuid = {97AB5048-4498-43FE-8CB8-B2FC147FCDE7}
	EndGlobalSection
EndGlobal
