
Microsoft Visual Studio Solution File, Format Version 12.00
# Visual Studio Version 17
VisualStudioVersion = 17.14.37314.3 d17.14
MinimumVisualStudioVersion = 10.0.40219.1
Project("{FAE04EC0-301F-11D3-BF4B-00C04F79EFBC}") = "Camel.Runtime", "Camel.Runtime\Camel.Runtime.csproj", "{AB539ADB-C99A-4B5C-861E-B949031510BB}"
EndProject
Global
	GlobalSection(SolutionConfigurationPlatforms) = preSolution
		Debug|Any CPU = Debug|Any CPU
		Release|Any CPU = Release|Any CPU
	EndGlobalSection
	GlobalSection(ProjectConfigurationPlatforms) = postSolution
		{AB539ADB-C99A-4B5C-861E-B949031510BB}.Debug|Any CPU.ActiveCfg = Debug|Any CPU
		{AB539ADB-C99A-4B5C-861E-B949031510BB}.Debug|Any CPU.Build.0 = Debug|Any CPU
		{AB539ADB-C99A-4B5C-861E-B949031510BB}.Release|Any CPU.ActiveCfg = Release|Any CPU
		{AB539ADB-C99A-4B5C-861E-B949031510BB}.Release|Any CPU.Build.0 = Release|Any CPU
	EndGlobalSection
	GlobalSection(SolutionProperties) = preSolution
		HideSolutionNode = FALSE
	EndGlobalSection
	GlobalSection(ExtensibilityGlobals) = postSolution
		SolutionGuid = {97AB5048-4498-43FE-8CB8-B2FC147FCDE7}
	EndGlobalSection
EndGlobal
